
Microsoft Visual Studio Solution File, Format Version 12.00
# Visual Studio Version 17
VisualStudioVersion = 17.13.35825.156 d17.13
MinimumVisualStudioVersion = 10.0.40219.1
Project("{FAE04EC0-301F-11D3-BF4B-00C04F79EFBC}") = "EMOC20250324.AppWebMVC", "EMOC20250324.AppWebMVC\EMOC20250324.AppWebMVC.csproj", "{CCC1D05B-740E-47A4-B09B-8BBE86DF19BC}"
EndProject
Global
	GlobalSection(SolutionConfigurationPlatforms) = preSolution
		Debug|Any CPU = Debug|Any CPU
		Release|Any CPU = Release|Any CPU
	EndGlobalSection
	GlobalSection(ProjectConfigurationPlatforms) = postSolution
		{CCC1D05B-740E-47A4-B09B-8BBE86DF19BC}.Debug|Any CPU.ActiveCfg = Debug|Any CPU
		{CCC1D05B-740E-47A4-B09B-8BBE86DF19BC}.Debug|Any CPU.Build.0 = Debug|Any CPU
		{CCC1D05B-740E-47A4-B09B-8BBE86DF19BC}.Release|Any CPU.ActiveCfg = Release|Any CPU
		{CCC1D05B-740E-47A4-B09B-8BBE86DF19BC}.Release|Any CPU.Build.0 = Release|Any CPU
	EndGlobalSection
	GlobalSection(SolutionProperties) = preSolution
		HideSolutionNode = FALSE
	EndGlobalSection
	GlobalSection(ExtensibilityGlobals) = postSolution
		SolutionGuid = {35F02F9F-74DC-43CC-B2B8-1F19F4C5272E}
	EndGlobalSection
EndGlobal
